
Microsoft Visual Studio Solution File, Format Version 12.00
# Visual Studio Version 18
VisualStudioVersion = 18.5.11626.173
MinimumVisualStudioVersion = 10.0.40219.1
Project("{FAE04EC0-301F-11D3-BF4B-00C04F79EFBC}") = "PosApi", "PosApi.csproj", "{80AEBD97-CD62-E249-82CF-792423741E23}"
EndProject
Project("{FAE04EC0-301F-11D3-BF4B-00C04F79EFBC}") = "PosApi.Tests", "..\PosApi.Tests\PosApi.Tests.csproj", "{87CF0276-9BC2-4255-BFEF-6144726AEDCE}"
EndProject
Global
	GlobalSection(SolutionConfigurationPlatforms) = preSolution
		Debug|Any CPU = Debug|Any CPU
		Debug|x64 = Debug|x64
		Debug|x86 = Debug|x86
		Release|Any CPU = Release|Any CPU
		Release|x64 = Release|x64
		Release|x86 = Release|x86
	EndGlobalSection
	GlobalSection(ProjectConfigurationPlatforms) = postSolution
		{80AEBD97-CD62-E249-82CF-792423741E23}.Debug|Any CPU.ActiveCfg = Debug|Any CPU
		{80AEBD97-CD62-E249-82CF-792423741E23}.Debug|Any CPU.Build.0 = Debug|Any CPU
		{80AEBD97-CD62-E249-82CF-792423741E23}.Debug|x64.ActiveCfg = Debug|Any CPU
		{80AEBD97-CD62-E249-82CF-792423741E23}.Debug|x64.Build.0 = Debug|Any CPU
		{80AEBD97-CD62-E249-82CF-792423741E23}.Debug|x86.ActiveCfg = Debug|Any CPU
		{80AEBD97-CD62-E249-82CF-792423741E23}.Debug|x86.Build.0 = Debug|Any CPU
		{80AEBD97-CD62-E249-82CF-792423741E23}.Release|Any CPU.ActiveCfg = Release|Any CPU
		{80AEBD97-CD62-E249-82CF-792423741E23}.Release|Any CPU.Build.0 = Release|Any CPU
		{80AEBD97-CD62-E249-82CF-792423741E23}.Release|x64.ActiveCfg = Release|Any CPU
		{80AEBD97-CD62-E249-82CF-792423741E23}.Release|x64.Build.0 = Release|Any CPU
		{80AEBD97-CD62-E249-82CF-792423741E23}.Release|x86.ActiveCfg = Release|Any CPU
		{80AEBD97-CD62-E249-82CF-792423741E23}.Release|x86.Build.0 = Release|Any CPU
		{87CF0276-9BC2-4255-BFEF-6144726AEDCE}.Debug|Any CPU.ActiveCfg = Debug|Any CPU
		{87CF0276-9BC2-4255-BFEF-6144726AEDCE}.Debug|Any CPU.Build.0 = Debug|Any CPU
		{87CF0276-9BC2-4255-BFEF-6144726AEDCE}.Debug|x64.ActiveCfg = Debug|Any CPU
		{87CF0276-9BC2-4255-BFEF-6144726AEDCE}.Debug|x64.Build.0 = Debug|Any CPU
		{87CF0276-9BC2-4255-BFEF-6144726AEDCE}.Debug|x86.ActiveCfg = Debug|Any CPU
		{87CF0276-9BC2-4255-BFEF-6144726AEDCE}.Debug|x86.Build.0 = Debug|Any CPU
		{87CF0276-9BC2-4255-BFEF-6144726AEDCE}.Release|Any CPU.ActiveCfg = Release|Any CPU
		{87CF0276-9BC2-4255-BFEF-6144726AEDCE}.Release|Any CPU.Build.0 = Release|Any CPU
		{87CF0276-9BC2-4255-BFEF-6144726AEDCE}.Release|x64.ActiveCfg = Release|Any CPU
		{87CF0276-9BC2-4255-BFEF-6144726AEDCE}.Release|x64.Build.0 = Release|Any CPU
		{87CF0276-9BC2-4255-BFEF-6144726AEDCE}.Release|x86.ActiveCfg = Release|Any CPU
		{87CF0276-9BC2-4255-BFEF-6144726AEDCE}.Release|x86.Build.0 = Release|Any CPU
	EndGlobalSection
	GlobalSection(SolutionProperties) = preSolution
		HideSolutionNode = FALSE
	EndGlobalSection
	GlobalSection(ExtensibilityGlobals) = postSolution
		SolutionGuid = {95358914-8A7F-41F6-9C9E-79E27248B14B}
	EndGlobalSection
EndGlobal
